
Microsoft Visual Studio Solution File, Format Version 12.00
# Visual Studio Version 17
VisualStudioVersion = 17.1.32421.90
MinimumVisualStudioVersion = 10.0.40219.1
Project("{FAE04EC0-301F-11D3-BF4B-00C04F79EFBC}") = "FileOrganizer_DLL", "FileOrganizer_DLL.csproj", "{8BBA032C-4FB6-438A-B072-F432D8FD811D}"
EndProject
Global
	GlobalSection(SolutionConfigurationPlatforms) = preSolution
		Debug|Any CPU = Debug|Any CPU
		Release|Any CPU = Release|Any CPU
	EndGlobalSection
	GlobalSection(ProjectConfigurationPlatforms) = postSolution
		{8BBA032C-4FB6-438A-B072-F432D8FD811D}.Debug|Any CPU.ActiveCfg = Debug|Any CPU
		{8BBA032C-4FB6-438A-B072-F432D8FD811D}.Debug|Any CPU.Build.0 = Debug|Any CPU
		{8BBA032C-4FB6-438A-B072-F432D8FD811D}.Release|Any CPU.ActiveCfg = Release|Any CPU
		{8BBA032C-4FB6-438A-B072-F432D8FD811D}.Release|Any CPU.Build.0 = Release|Any CPU
	EndGlobalSection
	GlobalSection(SolutionProperties) = preSolution
		HideSolutionNode = FALSE
	EndGlobalSection
	GlobalSection(ExtensibilityGlobals) = postSolution
		SolutionGuid = {9C9AA25B-582B-40D8-B70A-3AA87889F466}
	EndGlobalSection
EndGlobal
